
Microsoft Visual Studio Solution File, Format Version 12.00
# Visual Studio Version 16
VisualStudioVersion = 16.0.30523.141
MinimumVisualStudioVersion = 10.0.40219.1
Project("{9A19103F-16F7-4668-BE54-9A1E7A4F7556}") = "ProjetPourTU", "ProjetPourTU\ProjetPourTU.csproj", "{A13DD5B8-D27B-4D6A-988D-C433F960B1CA}"
EndProject
Project("{9A19103F-16F7-4668-BE54-9A1E7A4F7556}") = "MathServiceTest", "MathServiceTest\MathServiceTest.csproj", "{9355C99D-0DEF-4E59-937E-E8185336E77F}"
	ProjectSection(ProjectDependencies) = postProject
		{A13DD5B8-D27B-4D6A-988D-C433F960B1CA} = {A13DD5B8-D27B-4D6A-988D-C433F960B1CA}
	EndProjectSection
EndProject
Project("{FAE04EC0-301F-11D3-BF4B-00C04F79EFBC}") = "VehiculServiceTest", "VehiculServiceTest\VehiculServiceTest.csproj", "{E2D365A1-8193-4953-9810-DD404B2CF8FB}"
EndProject
Global
	GlobalSection(SolutionConfigurationPlatforms) = preSolution
		Debug|Any CPU = Debug|Any CPU
		Release|Any CPU = Release|Any CPU
	EndGlobalSection
	GlobalSection(ProjectConfigurationPlatforms) = postSolution
		{A13DD5B8-D27B-4D6A-988D-C433F960B1CA}.Debug|Any CPU.ActiveCfg = Debug|Any CPU
		{A13DD5B8-D27B-4D6A-988D-C433F960B1CA}.Debug|Any CPU.Build.0 = Debug|Any CPU
		{A13DD5B8-D27B-4D6A-988D-C433F960B1CA}.Release|Any CPU.ActiveCfg = Release|Any CPU
		{A13DD5B8-D27B-4D6A-988D-C433F960B1CA}.Release|Any CPU.Build.0 = Release|Any CPU
		{9355C99D-0DEF-4E59-937E-E8185336E77F}.Debug|Any CPU.ActiveCfg = Debug|Any CPU
		{9355C99D-0DEF-4E59-937E-E8185336E77F}.Debug|Any CPU.Build.0 = Debug|Any CPU
		{9355C99D-0DEF-4E59-937E-E8185336E77F}.Release|Any CPU.ActiveCfg = Release|Any CPU
		{9355C99D-0DEF-4E59-937E-E8185336E77F}.Release|Any CPU.Build.0 = Release|Any CPU
		{E2D365A1-8193-4953-9810-DD404B2CF8FB}.Debug|Any CPU.ActiveCfg = Debug|Any CPU
		{E2D365A1-8193-4953-9810-DD404B2CF8FB}.Debug|Any CPU.Build.0 = Debug|Any CPU
		{E2D365A1-8193-4953-9810-DD404B2CF8FB}.Release|Any CPU.ActiveCfg = Release|Any CPU
		{E2D365A1-8193-4953-9810-DD404B2CF8FB}.Release|Any CPU.Build.0 = Release|Any CPU
	EndGlobalSection
	GlobalSection(SolutionProperties) = preSolution
		HideSolutionNode = FALSE
	EndGlobalSection
	GlobalSection(ExtensibilityGlobals) = postSolution
		SolutionGuid = {415E337A-23E1-4F6C-A5BD-65C76D57520B}
	EndGlobalSection
EndGlobal
